
Microsoft Visual Studio Solution File, Format Version 12.00
# Visual Studio 2013
VisualStudioVersion = 12.0.30501.0
MinimumVisualStudioVersion = 10.0.40219.1
Project("{FAE04EC0-301F-11D3-BF4B-00C04F79EFBC}") = "CatalanNumbers.Test", "CatalanNumbers.Test\CatalanNumbers.Test.csproj", "{B25324BF-C416-4169-814A-B5C541FAA34A}"
EndProject
Project("{FAE04EC0-301F-11D3-BF4B-00C04F79EFBC}") = "CatalanNumbers.Methods", "CatalanNumbers.Methods\CatalanNumbers.Methods.csproj", "{DEA4122A-C853-4845-8966-94AF47CD68A2}"
EndProject
Global
	GlobalSection(SolutionConfigurationPlatforms) = preSolution
		Debug|Any CPU = Debug|Any CPU
		Release|Any CPU = Release|Any CPU
	EndGlobalSection
	GlobalSection(ProjectConfigurationPlatforms) = postSolution
		{B25324BF-C416-4169-814A-B5C541FAA34A}.Debug|Any CPU.ActiveCfg = Debug|Any CPU
		{B25324BF-C416-4169-814A-B5C541FAA34A}.Debug|Any CPU.Build.0 = Debug|Any CPU
		{B25324BF-C416-4169-814A-B5C541FAA34A}.Release|Any CPU.ActiveCfg = Release|Any CPU
		{B25324BF-C416-4169-814A-B5C541FAA34A}.Release|Any CPU.Build.0 = Release|Any CPU
		{DEA4122A-C853-4845-8966-94AF47CD68A2}.Debug|Any CPU.ActiveCfg = Debug|Any CPU
		{DEA4122A-C853-4845-8966-94AF47CD68A2}.Debug|Any CPU.Build.0 = Debug|Any CPU
		{DEA4122A-C853-4845-8966-94AF47CD68A2}.Release|Any CPU.ActiveCfg = Release|Any CPU
		{DEA4122A-C853-4845-8966-94AF47CD68A2}.Release|Any CPU.Build.0 = Release|Any CPU
	EndGlobalSection
	GlobalSection(SolutionProperties) = preSolution
		HideSolutionNode = FALSE
	EndGlobalSection
EndGlobal
